
Microsoft Visual Studio Solution File, Format Version 12.00
# Visual Studio Version 17
VisualStudioVersion = 17.5.33516.290
MinimumVisualStudioVersion = 10.0.40219.1
Project("{FAE04EC0-301F-11D3-BF4B-00C04F79EFBC}") = "ResearchersPlatform", "ResearchersPlatform\ResearchersPlatform.csproj", "{E11935F5-3803-4A1E-BFC8-D04A9ADEEDAC}"
EndProject
Project("{FAE04EC0-301F-11D3-BF4B-00C04F79EFBC}") = "ResearchersPlatform_BAL", "ResearcherPlatform_BAL\ResearchersPlatform_BAL.csproj", "{0828E7E5-D108-44D5-B891-86AB4487490B}"
EndProject
Project("{FAE04EC0-301F-11D3-BF4B-00C04F79EFBC}") = "ResearchersPlatform_DAL", "ResearchersPlatform_DAL\ResearchersPlatform_DAL.csproj", "{5B181C6F-9CEA-49DA-8340-DC5E916C9C85}"
EndProject
Global
	GlobalSection(SolutionConfigurationPlatforms) = preSolution
		Debug|Any CPU = Debug|Any CPU
		Release|Any CPU = Release|Any CPU
	EndGlobalSection
	GlobalSection(ProjectConfigurationPlatforms) = postSolution
		{E11935F5-3803-4A1E-BFC8-D04A9ADEEDAC}.Debug|Any CPU.ActiveCfg = Debug|Any CPU
		{E11935F5-3803-4A1E-BFC8-D04A9ADEEDAC}.Debug|Any CPU.Build.0 = Debug|Any CPU
		{E11935F5-3803-4A1E-BFC8-D04A9ADEEDAC}.Release|Any CPU.ActiveCfg = Release|Any CPU
		{E11935F5-3803-4A1E-BFC8-D04A9ADEEDAC}.Release|Any CPU.Build.0 = Release|Any CPU
		{0828E7E5-D108-44D5-B891-86AB4487490B}.Debug|Any CPU.ActiveCfg = Debug|Any CPU
		{0828E7E5-D108-44D5-B891-86AB4487490B}.Debug|Any CPU.Build.0 = Debug|Any CPU
		{0828E7E5-D108-44D5-B891-86AB4487490B}.Release|Any CPU.ActiveCfg = Release|Any CPU
		{0828E7E5-D108-44D5-B891-86AB4487490B}.Release|Any CPU.Build.0 = Release|Any CPU
		{5B181C6F-9CEA-49DA-8340-DC5E916C9C85}.Debug|Any CPU.ActiveCfg = Debug|Any CPU
		{5B181C6F-9CEA-49DA-8340-DC5E916C9C85}.Debug|Any CPU.Build.0 = Debug|Any CPU
		{5B181C6F-9CEA-49DA-8340-DC5E916C9C85}.Release|Any CPU.ActiveCfg = Release|Any CPU
		{5B181C6F-9CEA-49DA-8340-DC5E916C9C85}.Release|Any CPU.Build.0 = Release|Any CPU
	EndGlobalSection
	GlobalSection(SolutionProperties) = preSolution
		HideSolutionNode = FALSE
	EndGlobalSection
	GlobalSection(ExtensibilityGlobals) = postSolution
		SolutionGuid = {4C7B6485-35C9-4407-877D-4B1839DB9F2F}
	EndGlobalSection
EndGlobal
